schema: '2.0'
stages:
  data_ingestion:
    cmd: python src/data_ingestion.py
    deps:
    - path: src/data_ingestion.py
      hash: md5
      md5: 063560a3a8b30c78cc6ce90189106106
      size: 3541
    params:
      params.yaml:
        data_ingestion.test_size: 0.22
    outs:
    - path: data/raw
      hash: md5
      md5: 128dfa26ed103dcb3fcbedeead3a95bf.dir
      size: 479272
      nfiles: 2
  data_preprocessing:
    cmd: python src/data_preprocessing.py
    deps:
    - path: data/raw
      hash: md5
      md5: 128dfa26ed103dcb3fcbedeead3a95bf.dir
      size: 479272
      nfiles: 2
    - path: src/data_preprocessing.py
      hash: md5
      md5: 158130fa3ada2ed96ada460b539d42e9
      size: 3864
    outs:
    - path: data/interim
      hash: md5
      md5: 7bf4135475807a81211182ac45987226.dir
      size: 255703
      nfiles: 2
  feature_engineering:
    cmd: python src/feature_engineering.py
    deps:
    - path: data/interim
      hash: md5
      md5: 7bf4135475807a81211182ac45987226.dir
      size: 255703
      nfiles: 2
    - path: src/feature_engineering.py
      hash: md5
      md5: 55c838f8b9b24bdf96f0bf4a576fbf73
      size: 3798
    params:
      params.yaml:
        feature_engineering.max_features: 35
    outs:
    - path: data/processed
      hash: md5
      md5: bd1c44ca0ba219f1599e784264ad135f.dir
      size: 831149
      nfiles: 2
  model_training:
    cmd: python src/model_training.py
    deps:
    - path: data/processed
      hash: md5
      md5: bd1c44ca0ba219f1599e784264ad135f.dir
      size: 831149
      nfiles: 2
    - path: src/model_training.py
      hash: md5
      md5: d53d2f58ff89ff7f2c8111dce0770fd6
      size: 4349
    params:
      params.yaml:
        model_training.n_estimators: 35
        model_training.random_state: 42
    outs:
    - path: models/model.pkl
      hash: md5
      md5: 17def53137be06ca7663895ba157e263
      size: 1137336
  model_evaluation:
    cmd: python src/model_evaluation.py
    deps:
    - path: models/model.pkl
      hash: md5
      md5: 17def53137be06ca7663895ba157e263
      size: 1137336
    - path: src/model_evaluation.py
      hash: md5
      md5: a96d6e2966b06b4f42edd51cd389514a
      size: 4551
    outs:
    - path: reports/metrics.json
      hash: md5
      md5: beefdd93babac205d87755e2913d78c9
      size: 140
